
Microsoft Visual Studio Solution File, Format Version 12.00
# Visual Studio 15
VisualStudioVersion = 15.0.26730.10
MinimumVisualStudioVersion = 10.0.40219.1
Project("{D954291E-2A0B-460D-934E-DC6B0785DB48}") = "AssetStoreTools", "src\AssetStoreTools.shproj", "{882E1CC8-B375-47C7-AFB0-39428147D964}"
EndProject
Project("{2150E333-8FDC-42A3-9474-1A3956D46DE8}") = "build", "build", "{76B5C487-6359-4225-B0A9-EC5EDC351DF3}"
EndProject
Project("{2150E333-8FDC-42A3-9474-1A3956D46DE8}") = "src", "src", "{BD898B46-A602-4932-83D9-EA2267B6FF69}"
EndProject
Project("{FAE04EC0-301F-11D3-BF4B-00C04F79EFBC}") = "5.6.6", "build\5.6.6\5.6.6.csproj", "{7F430CC2-44E5-4CAC-B786-70A8420EB200}"
EndProject
Project("{FAE04EC0-301F-11D3-BF4B-00C04F79EFBC}") = "2017.3", "build\2017.3\2017.3.csproj", "{66A34B98-1D74-44A7-AFBC-A82B12F68628}"
EndProject
Project("{FAE04EC0-301F-11D3-BF4B-00C04F79EFBC}") = "2018.2", "build\2018.2\2018.2.csproj", "{0E61752B-1441-4299-9837-6DDD5D49AEFE}"
EndProject
Global
	GlobalSection(SharedMSBuildProjectFiles) = preSolution
		src\AssetStoreTools.projitems*{0e61752b-1441-4299-9837-6ddd5d49aefe}*SharedItemsImports = 4
		src\AssetStoreTools.projitems*{66a34b98-1d74-44a7-afbc-a82b12f68628}*SharedItemsImports = 4
		src\AssetStoreTools.projitems*{7f430cc2-44e5-4cac-b786-70a8420eb200}*SharedItemsImports = 4
		src\AssetStoreTools.projitems*{882e1cc8-b375-47c7-afb0-39428147d964}*SharedItemsImports = 13
	EndGlobalSection
	GlobalSection(SolutionConfigurationPlatforms) = preSolution
		Debug|Any CPU = Debug|Any CPU
		Release|Any CPU = Release|Any CPU
	EndGlobalSection
	GlobalSection(ProjectConfigurationPlatforms) = postSolution
		{7F430CC2-44E5-4CAC-B786-70A8420EB200}.Debug|Any CPU.ActiveCfg = Debug|Any CPU
		{7F430CC2-44E5-4CAC-B786-70A8420EB200}.Debug|Any CPU.Build.0 = Debug|Any CPU
		{7F430CC2-44E5-4CAC-B786-70A8420EB200}.Release|Any CPU.ActiveCfg = Release|Any CPU
		{7F430CC2-44E5-4CAC-B786-70A8420EB200}.Release|Any CPU.Build.0 = Release|Any CPU
		{66A34B98-1D74-44A7-AFBC-A82B12F68628}.Debug|Any CPU.ActiveCfg = Debug|Any CPU
		{66A34B98-1D74-44A7-AFBC-A82B12F68628}.Debug|Any CPU.Build.0 = Debug|Any CPU
		{66A34B98-1D74-44A7-AFBC-A82B12F68628}.Release|Any CPU.ActiveCfg = Release|Any CPU
		{66A34B98-1D74-44A7-AFBC-A82B12F68628}.Release|Any CPU.Build.0 = Release|Any CPU
		{0E61752B-1441-4299-9837-6DDD5D49AEFE}.Debug|Any CPU.ActiveCfg = Debug|Any CPU
		{0E61752B-1441-4299-9837-6DDD5D49AEFE}.Debug|Any CPU.Build.0 = Debug|Any CPU
		{0E61752B-1441-4299-9837-6DDD5D49AEFE}.Release|Any CPU.ActiveCfg = Release|Any CPU
		{0E61752B-1441-4299-9837-6DDD5D49AEFE}.Release|Any CPU.Build.0 = Release|Any CPU
	EndGlobalSection
	GlobalSection(SolutionProperties) = preSolution
		HideSolutionNode = FALSE
	EndGlobalSection
	GlobalSection(NestedProjects) = preSolution
		{882E1CC8-B375-47C7-AFB0-39428147D964} = {BD898B46-A602-4932-83D9-EA2267B6FF69}
		{7F430CC2-44E5-4CAC-B786-70A8420EB200} = {76B5C487-6359-4225-B0A9-EC5EDC351DF3}
		{66A34B98-1D74-44A7-AFBC-A82B12F68628} = {76B5C487-6359-4225-B0A9-EC5EDC351DF3}
		{0E61752B-1441-4299-9837-6DDD5D49AEFE} = {76B5C487-6359-4225-B0A9-EC5EDC351DF3}
	EndGlobalSection
	GlobalSection(ExtensibilityGlobals) = postSolution
		SolutionGuid = {E84CD50F-5DE0-444E-AF32-7EE5C336A5A9}
	EndGlobalSection
EndGlobal
